
Microsoft Visual Studio Solution File, Format Version 12.00
# Visual Studio Version 17
VisualStudioVersion = 17.9.34902.65
MinimumVisualStudioVersion = 10.0.40219.1
Project("{FAE04EC0-301F-11D3-BF4B-00C04F79EFBC}") = "RoadyGUI", "RoadyGUI\RoadyGUI.csproj", "{52BDB031-7812-4F59-B894-285BB4311F44}"
EndProject
Global
	GlobalSection(SolutionConfigurationPlatforms) = preSolution
		Debug|Any CPU = Debug|Any CPU
		Release|Any CPU = Release|Any CPU
	EndGlobalSection
	GlobalSection(ProjectConfigurationPlatforms) = postSolution
		{52BDB031-7812-4F59-B894-285BB4311F44}.Debug|Any CPU.ActiveCfg = Debug|Any CPU
		{52BDB031-7812-4F59-B894-285BB4311F44}.Debug|Any CPU.Build.0 = Debug|Any CPU
		{52BDB031-7812-4F59-B894-285BB4311F44}.Release|Any CPU.ActiveCfg = Release|Any CPU
		{52BDB031-7812-4F59-B894-285BB4311F44}.Release|Any CPU.Build.0 = Release|Any CPU
	EndGlobalSection
	GlobalSection(SolutionProperties) = preSolution
		HideSolutionNode = FALSE
	EndGlobalSection
	GlobalSection(ExtensibilityGlobals) = postSolution
		SolutionGuid = {FCED43A0-1A38-48D2-BA34-AEFEF459FDB6}
	EndGlobalSection
EndGlobal
